
Microsoft Visual Studio Solution File, Format Version 12.00
# Visual Studio Version 17
VisualStudioVersion = 17.12.35728.132
MinimumVisualStudioVersion = 10.0.40219.1
Project("{FAE04EC0-301F-11D3-BF4B-00C04F79EFBC}") = "XXTk.AspNetCore.Samples.BackgroundService", "src\XXTk.AspNetCore.Samples.BackgroundService\XXTk.AspNetCore.Samples.BackgroundService.csproj", "{8B1A8F7E-9F82-484F-BE2F-84E20C290F05}"
EndProject
Project("{FAE04EC0-301F-11D3-BF4B-00C04F79EFBC}") = "XXTk.Shared", "src\Shared\XXTk.Shared\XXTk.Shared.csproj", "{94440DA7-DC7D-4E2A-8928-30947E2D5306}"
EndProject
Project("{2150E333-8FDC-42A3-9474-1A3956D46DE8}") = "Shared", "Shared", "{904B27FB-AA04-46C6-8FC6-571C6BF873F2}"
EndProject
Project("{FAE04EC0-301F-11D3-BF4B-00C04F79EFBC}") = "XXTk.HttpApi.Shared", "src\Shared\XXTk.HttpApi.Shared\XXTk.HttpApi.Shared.csproj", "{1734B166-9F9D-44DB-819D-99922CE2BC49}"
EndProject
Global
	GlobalSection(SolutionConfigurationPlatforms) = preSolution
		Debug|Any CPU = Debug|Any CPU
		Release|Any CPU = Release|Any CPU
	EndGlobalSection
	GlobalSection(ProjectConfigurationPlatforms) = postSolution
		{8B1A8F7E-9F82-484F-BE2F-84E20C290F05}.Debug|Any CPU.ActiveCfg = Debug|Any CPU
		{8B1A8F7E-9F82-484F-BE2F-84E20C290F05}.Debug|Any CPU.Build.0 = Debug|Any CPU
		{8B1A8F7E-9F82-484F-BE2F-84E20C290F05}.Release|Any CPU.ActiveCfg = Release|Any CPU
		{8B1A8F7E-9F82-484F-BE2F-84E20C290F05}.Release|Any CPU.Build.0 = Release|Any CPU
		{94440DA7-DC7D-4E2A-8928-30947E2D5306}.Debug|Any CPU.ActiveCfg = Debug|Any CPU
		{94440DA7-DC7D-4E2A-8928-30947E2D5306}.Debug|Any CPU.Build.0 = Debug|Any CPU
		{94440DA7-DC7D-4E2A-8928-30947E2D5306}.Release|Any CPU.ActiveCfg = Release|Any CPU
		{94440DA7-DC7D-4E2A-8928-30947E2D5306}.Release|Any CPU.Build.0 = Release|Any CPU
		{1734B166-9F9D-44DB-819D-99922CE2BC49}.Debug|Any CPU.ActiveCfg = Debug|Any CPU
		{1734B166-9F9D-44DB-819D-99922CE2BC49}.Debug|Any CPU.Build.0 = Debug|Any CPU
		{1734B166-9F9D-44DB-819D-99922CE2BC49}.Release|Any CPU.ActiveCfg = Release|Any CPU
		{1734B166-9F9D-44DB-819D-99922CE2BC49}.Release|Any CPU.Build.0 = Release|Any CPU
	EndGlobalSection
	GlobalSection(SolutionProperties) = preSolution
		HideSolutionNode = FALSE
	EndGlobalSection
	GlobalSection(NestedProjects) = preSolution
		{94440DA7-DC7D-4E2A-8928-30947E2D5306} = {904B27FB-AA04-46C6-8FC6-571C6BF873F2}
		{1734B166-9F9D-44DB-819D-99922CE2BC49} = {904B27FB-AA04-46C6-8FC6-571C6BF873F2}
	EndGlobalSection
EndGlobal
